[root]
name = "cryptobox-c"
version = "0.8.3"
dependencies = [
 "cryptobox 0.7.2 (git+https://github.com/wireapp/cryptobox?branch=develop)",
 "libc 0.2.10 (registry+https://github.com/rust-lang/crates.io-index)",
 "proteus 0.5.2 (git+https://github.com/wireapp/proteus?branch=develop)",
]

[[package]]
name = "byteorder"
version = "0.5.1"
source = "registry+https://github.com/rust-lang/crates.io-index"

[[package]]
name = "cbor-codec"
version = "0.5.0"
source = "registry+https://github.com/rust-lang/crates.io-index"
dependencies = [
 "byteorder 0.5.1 (registry+https://github.com/rust-lang/crates.io-index)",
 "libc 0.2.10 (registry+https://github.com/rust-lang/crates.io-index)",
]

[[package]]
name = "cryptobox"
version = "0.7.2"
source = "git+https://github.com/wireapp/cryptobox?branch=develop#2016a7455f6464f4fd8e4920e547ce85066e4f68"
dependencies = [
 "byteorder 0.5.1 (registry+https://github.com/rust-lang/crates.io-index)",
 "cbor-codec 0.5.0 (registry+https://github.com/rust-lang/crates.io-index)",
 "proteus 0.5.2 (git+https://github.com/wireapp/proteus?branch=develop)",
]

[[package]]
name = "hkdf"
version = "0.1.0"
source = "git+https://github.com/wireapp/hkdf#088774beaf65228bb130d94358c90feeabc7b624"
dependencies = [
 "sodiumoxide 0.0.10 (registry+https://github.com/rust-lang/crates.io-index)",
]

[[package]]
name = "libc"
version = "0.2.10"
source = "registry+https://github.com/rust-lang/crates.io-index"

[[package]]
name = "libsodium-sys"
version = "0.0.10"
source = "registry+https://github.com/rust-lang/crates.io-index"
dependencies = [
 "libc 0.2.10 (registry+https://github.com/rust-lang/crates.io-index)",
 "pkg-config 0.3.8 (registry+https://github.com/rust-lang/crates.io-index)",
]

[[package]]
name = "pkg-config"
version = "0.3.8"
source = "registry+https://github.com/rust-lang/crates.io-index"

[[package]]
name = "proteus"
version = "0.5.2"
source = "git+https://github.com/wireapp/proteus?branch=develop#6ced1a8f872f00e4cb82fd83af9c755dcffe08f2"
dependencies = [
 "byteorder 0.5.1 (registry+https://github.com/rust-lang/crates.io-index)",
 "cbor-codec 0.5.0 (registry+https://github.com/rust-lang/crates.io-index)",
 "hkdf 0.1.0 (git+https://github.com/wireapp/hkdf)",
 "libc 0.2.10 (registry+https://github.com/rust-lang/crates.io-index)",
 "sodiumoxide 0.0.10 (registry+https://github.com/rust-lang/crates.io-index)",
]

[[package]]
name = "rustc-serialize"
version = "0.3.19"
source = "registry+https://github.com/rust-lang/crates.io-index"

[[package]]
name = "sodiumoxide"
version = "0.0.10"
source = "registry+https://github.com/rust-lang/crates.io-index"
dependencies = [
 "libc 0.2.10 (registry+https://github.com/rust-lang/crates.io-index)",
 "libsodium-sys 0.0.10 (registry+https://github.com/rust-lang/crates.io-index)",
 "rustc-serialize 0.3.19 (registry+https://github.com/rust-lang/crates.io-index)",
]

